
Microsoft Visual Studio Solution File, Format Version 12.00
# Visual Studio Version 16
VisualStudioVersion = 16.0.31129.286
MinimumVisualStudioVersion = 10.0.40219.1
Project("{FAE04EC0-301F-11D3-BF4B-00C04F79EFBC}") = "CSharp Iterations", "CSharp Iterations\CSharp Iterations.csproj", "{A39EC8CE-08B4-4C13-8702-7142FB16D4A0}"
EndProject
Global
	GlobalSection(SolutionConfigurationPlatforms) = preSolution
		Debug|Any CPU = Debug|Any CPU
		Release|Any CPU = Release|Any CPU
	EndGlobalSection
	GlobalSection(ProjectConfigurationPlatforms) = postSolution
		{A39EC8CE-08B4-4C13-8702-7142FB16D4A0}.Debug|Any CPU.ActiveCfg = Debug|Any CPU
		{A39EC8CE-08B4-4C13-8702-7142FB16D4A0}.Debug|Any CPU.Build.0 = Debug|Any CPU
		{A39EC8CE-08B4-4C13-8702-7142FB16D4A0}.Release|Any CPU.ActiveCfg = Release|Any CPU
		{A39EC8CE-08B4-4C13-8702-7142FB16D4A0}.Release|Any CPU.Build.0 = Release|Any CPU
	EndGlobalSection
	GlobalSection(SolutionProperties) = preSolution
		HideSolutionNode = FALSE
	EndGlobalSection
	GlobalSection(ExtensibilityGlobals) = postSolution
		SolutionGuid = {64418F3C-EE16-4EF4-AC97-AAEB19578B5A}
	EndGlobalSection
EndGlobal
